
Microsoft Visual Studio Solution File, Format Version 12.00
# Visual Studio 14
VisualStudioVersion = 14.0.25123.0
MinimumVisualStudioVersion = 10.0.40219.1
Project("{FAE04EC0-301F-11D3-BF4B-00C04F79EFBC}") = "AutomatedTests", "AutomatedTests\AutomatedTests.csproj", "{72441E2B-CE1A-4CBB-8948-6A247D7BE459}"
EndProject
Project("{FAE04EC0-301F-11D3-BF4B-00C04F79EFBC}") = "Core", "Core\Core.csproj", "{83BC790F-4664-4307-8228-91C3E5BA758F}"
EndProject
Global
	GlobalSection(SolutionConfigurationPlatforms) = preSolution
		Debug|Any CPU = Debug|Any CPU
		Release|Any CPU = Release|Any CPU
	EndGlobalSection
	GlobalSection(ProjectConfigurationPlatforms) = postSolution
		{72441E2B-CE1A-4CBB-8948-6A247D7BE459}.Debug|Any CPU.ActiveCfg = Debug|Any CPU
		{72441E2B-CE1A-4CBB-8948-6A247D7BE459}.Debug|Any CPU.Build.0 = Debug|Any CPU
		{72441E2B-CE1A-4CBB-8948-6A247D7BE459}.Release|Any CPU.ActiveCfg = Release|Any CPU
		{72441E2B-CE1A-4CBB-8948-6A247D7BE459}.Release|Any CPU.Build.0 = Release|Any CPU
		{83BC790F-4664-4307-8228-91C3E5BA758F}.Debug|Any CPU.ActiveCfg = Debug|Any CPU
		{83BC790F-4664-4307-8228-91C3E5BA758F}.Debug|Any CPU.Build.0 = Debug|Any CPU
		{83BC790F-4664-4307-8228-91C3E5BA758F}.Release|Any CPU.ActiveCfg = Release|Any CPU
		{83BC790F-4664-4307-8228-91C3E5BA758F}.Release|Any CPU.Build.0 = Release|Any CPU
	EndGlobalSection
	GlobalSection(SolutionProperties) = preSolution
		HideSolutionNode = FALSE
	EndGlobalSection
EndGlobal
